
Microsoft Visual Studio Solution File, Format Version 12.00
# Visual Studio 2013
VisualStudioVersion = 12.0.21005.1
MinimumVisualStudioVersion = 10.0.40219.1
Project("{FAE04EC0-301F-11D3-BF4B-00C04F79EFBC}") = "Dictator.Web", "Dictator\Dictator.Web.csproj", "{F78E4C1A-A4C9-4A70-A17B-57BF3E292F17}"
EndProject
Project("{FAE04EC0-301F-11D3-BF4B-00C04F79EFBC}") = "Dictator.Core", "Dictator.Core\Dictator.Core.csproj", "{72DE7CE6-44FA-440B-8EFF-A0655E3FE465}"
EndProject
Project("{FAE04EC0-301F-11D3-BF4B-00C04F79EFBC}") = "Dictator.Data", "Dictator.Data\Dictator.Data.csproj", "{F9DC5D23-5FA7-4278-887A-E322917D44F0}"
EndProject
Project("{FAE04EC0-301F-11D3-BF4B-00C04F79EFBC}") = "Dictator.Tests", "Dictator.Tests\Dictator.Tests.csproj", "{B53F3FC4-D4F6-4F5D-BF0D-AFE08278CEDC}"
EndProject
Global
	GlobalSection(SolutionConfigurationPlatforms) = preSolution
		Debug|Any CPU = Debug|Any CPU
		Release|Any CPU = Release|Any CPU
	EndGlobalSection
	GlobalSection(ProjectConfigurationPlatforms) = postSolution
		{F78E4C1A-A4C9-4A70-A17B-57BF3E292F17}.Debug|Any CPU.ActiveCfg = Debug|Any CPU
		{F78E4C1A-A4C9-4A70-A17B-57BF3E292F17}.Debug|Any CPU.Build.0 = Debug|Any CPU
		{F78E4C1A-A4C9-4A70-A17B-57BF3E292F17}.Release|Any CPU.ActiveCfg = Release|Any CPU
		{F78E4C1A-A4C9-4A70-A17B-57BF3E292F17}.Release|Any CPU.Build.0 = Release|Any CPU
		{72DE7CE6-44FA-440B-8EFF-A0655E3FE465}.Debug|Any CPU.ActiveCfg = Debug|Any CPU
		{72DE7CE6-44FA-440B-8EFF-A0655E3FE465}.Debug|Any CPU.Build.0 = Debug|Any CPU
		{72DE7CE6-44FA-440B-8EFF-A0655E3FE465}.Release|Any CPU.ActiveCfg = Release|Any CPU
		{72DE7CE6-44FA-440B-8EFF-A0655E3FE465}.Release|Any CPU.Build.0 = Release|Any CPU
		{F9DC5D23-5FA7-4278-887A-E322917D44F0}.Debug|Any CPU.ActiveCfg = Debug|Any CPU
		{F9DC5D23-5FA7-4278-887A-E322917D44F0}.Debug|Any CPU.Build.0 = Debug|Any CPU
		{F9DC5D23-5FA7-4278-887A-E322917D44F0}.Release|Any CPU.ActiveCfg = Release|Any CPU
		{F9DC5D23-5FA7-4278-887A-E322917D44F0}.Release|Any CPU.Build.0 = Release|Any CPU
		{B53F3FC4-D4F6-4F5D-BF0D-AFE08278CEDC}.Debug|Any CPU.ActiveCfg = Debug|Any CPU
		{B53F3FC4-D4F6-4F5D-BF0D-AFE08278CEDC}.Debug|Any CPU.Build.0 = Debug|Any CPU
		{B53F3FC4-D4F6-4F5D-BF0D-AFE08278CEDC}.Release|Any CPU.ActiveCfg = Release|Any CPU
		{B53F3FC4-D4F6-4F5D-BF0D-AFE08278CEDC}.Release|Any CPU.Build.0 = Release|Any CPU
	EndGlobalSection
	GlobalSection(SolutionProperties) = preSolution
		HideSolutionNode = FALSE
	EndGlobalSection
EndGlobal
